
Microsoft Visual Studio Solution File, Format Version 12.00
# Visual Studio Version 17
VisualStudioVersion = 17.9.34622.214
MinimumVisualStudioVersion = 10.0.40219.1
Project("{8BC9CEB8-8B4A-11D0-8D11-00A0C91BC942}") = "Largest Data in Array", "Largest Data in Array.vcxproj", "{D23F784B-B36A-4DF2-80C4-F5E43315E6E8}"
EndProject
Global
	GlobalSection(SolutionConfigurationPlatforms) = preSolution
		Debug|x64 = Debug|x64
		Debug|x86 = Debug|x86
		Release|x64 = Release|x64
		Release|x86 = Release|x86
	EndGlobalSection
	GlobalSection(ProjectConfigurationPlatforms) = postSolution
		{D23F784B-B36A-4DF2-80C4-F5E43315E6E8}.Debug|x64.ActiveCfg = Debug|x64
		{D23F784B-B36A-4DF2-80C4-F5E43315E6E8}.Debug|x64.Build.0 = Debug|x64
		{D23F784B-B36A-4DF2-80C4-F5E43315E6E8}.Debug|x86.ActiveCfg = Debug|Win32
		{D23F784B-B36A-4DF2-80C4-F5E43315E6E8}.Debug|x86.Build.0 = Debug|Win32
		{D23F784B-B36A-4DF2-80C4-F5E43315E6E8}.Release|x64.ActiveCfg = Release|x64
		{D23F784B-B36A-4DF2-80C4-F5E43315E6E8}.Release|x64.Build.0 = Release|x64
		{D23F784B-B36A-4DF2-80C4-F5E43315E6E8}.Release|x86.ActiveCfg = Release|Win32
		{D23F784B-B36A-4DF2-80C4-F5E43315E6E8}.Release|x86.Build.0 = Release|Win32
	EndGlobalSection
	GlobalSection(SolutionProperties) = preSolution
		HideSolutionNode = FALSE
	EndGlobalSection
	GlobalSection(ExtensibilityGlobals) = postSolution
		SolutionGuid = {BAEECEA5-FFE2-4E1C-B153-7DBC77C8E1A5}
	EndGlobalSection
EndGlobal
